
Microsoft Visual Studio Solution File, Format Version 12.00
# Visual Studio 14
VisualStudioVersion = 14.0.24720.0
MinimumVisualStudioVersion = 10.0.40219.1
Project("{FAE04EC0-301F-11D3-BF4B-00C04F79EFBC}") = "GridExample", "GridExample\GridExample.csproj", "{B740B17E-7E37-4EBC-A7BB-562B51D475AD}"
EndProject
Project("{FAE04EC0-301F-11D3-BF4B-00C04F79EFBC}") = "Stackpanel example", "Stackpanel example\Stackpanel example.csproj", "{871986C2-2BEF-4C77-833F-C7323A529FF5}"
EndProject
Project("{FAE04EC0-301F-11D3-BF4B-00C04F79EFBC}") = "EmployeeApp", "EmployeeApp\EmployeeApp.csproj", "{C0F21EDC-D2FA-47DA-852C-6029322B5EF1}"
EndProject
Project("{FAE04EC0-301F-11D3-BF4B-00C04F79EFBC}") = "Shop", "Shop\Shop.csproj", "{21F458C0-1848-460F-9299-A2E0C4EE87D6}"
EndProject
Project("{FAE04EC0-301F-11D3-BF4B-00C04F79EFBC}") = "Grid", "Grid\Grid.csproj", "{C37E2145-7E4E-45CB-8222-0270B20102C8}"
EndProject
Project("{FAE04EC0-301F-11D3-BF4B-00C04F79EFBC}") = "Heater", "Heater\Heater.csproj", "{0F1FCDBF-7877-441B-A6B8-2D8CE69BD976}"
EndProject
Global
	GlobalSection(SolutionConfigurationPlatforms) = preSolution
		Debug|ARM = Debug|ARM
		Debug|x64 = Debug|x64
		Debug|x86 = Debug|x86
		Release|ARM = Release|ARM
		Release|x64 = Release|x64
		Release|x86 = Release|x86
	EndGlobalSection
	GlobalSection(ProjectConfigurationPlatforms) = postSolution
		{B740B17E-7E37-4EBC-A7BB-562B51D475AD}.Debug|ARM.ActiveCfg = Debug|ARM
		{B740B17E-7E37-4EBC-A7BB-562B51D475AD}.Debug|ARM.Build.0 = Debug|ARM
		{B740B17E-7E37-4EBC-A7BB-562B51D475AD}.Debug|ARM.Deploy.0 = Debug|ARM
		{B740B17E-7E37-4EBC-A7BB-562B51D475AD}.Debug|x64.ActiveCfg = Debug|x64
		{B740B17E-7E37-4EBC-A7BB-562B51D475AD}.Debug|x64.Build.0 = Debug|x64
		{B740B17E-7E37-4EBC-A7BB-562B51D475AD}.Debug|x64.Deploy.0 = Debug|x64
		{B740B17E-7E37-4EBC-A7BB-562B51D475AD}.Debug|x86.ActiveCfg = Debug|x86
		{B740B17E-7E37-4EBC-A7BB-562B51D475AD}.Debug|x86.Build.0 = Debug|x86
		{B740B17E-7E37-4EBC-A7BB-562B51D475AD}.Debug|x86.Deploy.0 = Debug|x86
		{B740B17E-7E37-4EBC-A7BB-562B51D475AD}.Release|ARM.ActiveCfg = Release|ARM
		{B740B17E-7E37-4EBC-A7BB-562B51D475AD}.Release|ARM.Build.0 = Release|ARM
		{B740B17E-7E37-4EBC-A7BB-562B51D475AD}.Release|ARM.Deploy.0 = Release|ARM
		{B740B17E-7E37-4EBC-A7BB-562B51D475AD}.Release|x64.ActiveCfg = Release|x64
		{B740B17E-7E37-4EBC-A7BB-562B51D475AD}.Release|x64.Build.0 = Release|x64
		{B740B17E-7E37-4EBC-A7BB-562B51D475AD}.Release|x64.Deploy.0 = Release|x64
		{B740B17E-7E37-4EBC-A7BB-562B51D475AD}.Release|x86.ActiveCfg = Release|x86
		{B740B17E-7E37-4EBC-A7BB-562B51D475AD}.Release|x86.Build.0 = Release|x86
		{B740B17E-7E37-4EBC-A7BB-562B51D475AD}.Release|x86.Deploy.0 = Release|x86
		{871986C2-2BEF-4C77-833F-C7323A529FF5}.Debug|ARM.ActiveCfg = Debug|ARM
		{871986C2-2BEF-4C77-833F-C7323A529FF5}.Debug|ARM.Build.0 = Debug|ARM
		{871986C2-2BEF-4C77-833F-C7323A529FF5}.Debug|ARM.Deploy.0 = Debug|ARM
		{871986C2-2BEF-4C77-833F-C7323A529FF5}.Debug|x64.ActiveCfg = Debug|x64
		{871986C2-2BEF-4C77-833F-C7323A529FF5}.Debug|x64.Build.0 = Debug|x64
		{871986C2-2BEF-4C77-833F-C7323A529FF5}.Debug|x64.Deploy.0 = Debug|x64
		{871986C2-2BEF-4C77-833F-C7323A529FF5}.Debug|x86.ActiveCfg = Debug|x86
		{871986C2-2BEF-4C77-833F-C7323A529FF5}.Debug|x86.Build.0 = Debug|x86
		{871986C2-2BEF-4C77-833F-C7323A529FF5}.Debug|x86.Deploy.0 = Debug|x86
		{871986C2-2BEF-4C77-833F-C7323A529FF5}.Release|ARM.ActiveCfg = Release|ARM
		{871986C2-2BEF-4C77-833F-C7323A529FF5}.Release|ARM.Build.0 = Release|ARM
		{871986C2-2BEF-4C77-833F-C7323A529FF5}.Release|ARM.Deploy.0 = Release|ARM
		{871986C2-2BEF-4C77-833F-C7323A529FF5}.Release|x64.ActiveCfg = Release|x64
		{871986C2-2BEF-4C77-833F-C7323A529FF5}.Release|x64.Build.0 = Release|x64
		{871986C2-2BEF-4C77-833F-C7323A529FF5}.Release|x64.Deploy.0 = Release|x64
		{871986C2-2BEF-4C77-833F-C7323A529FF5}.Release|x86.ActiveCfg = Release|x86
		{871986C2-2BEF-4C77-833F-C7323A529FF5}.Release|x86.Build.0 = Release|x86
		{871986C2-2BEF-4C77-833F-C7323A529FF5}.Release|x86.Deploy.0 = Release|x86
		{C0F21EDC-D2FA-47DA-852C-6029322B5EF1}.Debug|ARM.ActiveCfg = Debug|ARM
		{C0F21EDC-D2FA-47DA-852C-6029322B5EF1}.Debug|ARM.Build.0 = Debug|ARM
		{C0F21EDC-D2FA-47DA-852C-6029322B5EF1}.Debug|ARM.Deploy.0 = Debug|ARM
		{C0F21EDC-D2FA-47DA-852C-6029322B5EF1}.Debug|x64.ActiveCfg = Debug|x64
		{C0F21EDC-D2FA-47DA-852C-6029322B5EF1}.Debug|x64.Build.0 = Debug|x64
		{C0F21EDC-D2FA-47DA-852C-6029322B5EF1}.Debug|x64.Deploy.0 = Debug|x64
		{C0F21EDC-D2FA-47DA-852C-6029322B5EF1}.Debug|x86.ActiveCfg = Debug|x86
		{C0F21EDC-D2FA-47DA-852C-6029322B5EF1}.Debug|x86.Build.0 = Debug|x86
		{C0F21EDC-D2FA-47DA-852C-6029322B5EF1}.Debug|x86.Deploy.0 = Debug|x86
		{C0F21EDC-D2FA-47DA-852C-6029322B5EF1}.Release|ARM.ActiveCfg = Release|ARM
		{C0F21EDC-D2FA-47DA-852C-6029322B5EF1}.Release|ARM.Build.0 = Release|ARM
		{C0F21EDC-D2FA-47DA-852C-6029322B5EF1}.Release|ARM.Deploy.0 = Release|ARM
		{C0F21EDC-D2FA-47DA-852C-6029322B5EF1}.Release|x64.ActiveCfg = Release|x64
		{C0F21EDC-D2FA-47DA-852C-6029322B5EF1}.Release|x64.Build.0 = Release|x64
		{C0F21EDC-D2FA-47DA-852C-6029322B5EF1}.Release|x64.Deploy.0 = Release|x64
		{C0F21EDC-D2FA-47DA-852C-6029322B5EF1}.Release|x86.ActiveCfg = Release|x86
		{C0F21EDC-D2FA-47DA-852C-6029322B5EF1}.Release|x86.Build.0 = Release|x86
		{C0F21EDC-D2FA-47DA-852C-6029322B5EF1}.Release|x86.Deploy.0 = Release|x86
		{21F458C0-1848-460F-9299-A2E0C4EE87D6}.Debug|ARM.ActiveCfg = Debug|ARM
		{21F458C0-1848-460F-9299-A2E0C4EE87D6}.Debug|ARM.Build.0 = Debug|ARM
		{21F458C0-1848-460F-9299-A2E0C4EE87D6}.Debug|ARM.Deploy.0 = Debug|ARM
		{21F458C0-1848-460F-9299-A2E0C4EE87D6}.Debug|x64.ActiveCfg = Debug|x64
		{21F458C0-1848-460F-9299-A2E0C4EE87D6}.Debug|x64.Build.0 = Debug|x64
		{21F458C0-1848-460F-9299-A2E0C4EE87D6}.Debug|x64.Deploy.0 = Debug|x64
		{21F458C0-1848-460F-9299-A2E0C4EE87D6}.Debug|x86.ActiveCfg = Debug|x86
		{21F458C0-1848-460F-9299-A2E0C4EE87D6}.Debug|x86.Build.0 = Debug|x86
		{21F458C0-1848-460F-9299-A2E0C4EE87D6}.Debug|x86.Deploy.0 = Debug|x86
		{21F458C0-1848-460F-9299-A2E0C4EE87D6}.Release|ARM.ActiveCfg = Release|ARM
		{21F458C0-1848-460F-9299-A2E0C4EE87D6}.Release|ARM.Build.0 = Release|ARM
		{21F458C0-1848-460F-9299-A2E0C4EE87D6}.Release|ARM.Deploy.0 = Release|ARM
		{21F458C0-1848-460F-9299-A2E0C4EE87D6}.Release|x64.ActiveCfg = Release|x64
		{21F458C0-1848-460F-9299-A2E0C4EE87D6}.Release|x64.Build.0 = Release|x64
		{21F458C0-1848-460F-9299-A2E0C4EE87D6}.Release|x64.Deploy.0 = Release|x64
		{21F458C0-1848-460F-9299-A2E0C4EE87D6}.Release|x86.ActiveCfg = Release|x86
		{21F458C0-1848-460F-9299-A2E0C4EE87D6}.Release|x86.Build.0 = Release|x86
		{21F458C0-1848-460F-9299-A2E0C4EE87D6}.Release|x86.Deploy.0 = Release|x86
		{C37E2145-7E4E-45CB-8222-0270B20102C8}.Debug|ARM.ActiveCfg = Debug|ARM
		{C37E2145-7E4E-45CB-8222-0270B20102C8}.Debug|ARM.Build.0 = Debug|ARM
		{C37E2145-7E4E-45CB-8222-0270B20102C8}.Debug|ARM.Deploy.0 = Debug|ARM
		{C37E2145-7E4E-45CB-8222-0270B20102C8}.Debug|x64.ActiveCfg = Debug|x64
		{C37E2145-7E4E-45CB-8222-0270B20102C8}.Debug|x64.Build.0 = Debug|x64
		{C37E2145-7E4E-45CB-8222-0270B20102C8}.Debug|x64.Deploy.0 = Debug|x64
		{C37E2145-7E4E-45CB-8222-0270B20102C8}.Debug|x86.ActiveCfg = Debug|x86
		{C37E2145-7E4E-45CB-8222-0270B20102C8}.Debug|x86.Build.0 = Debug|x86
		{C37E2145-7E4E-45CB-8222-0270B20102C8}.Debug|x86.Deploy.0 = Debug|x86
		{C37E2145-7E4E-45CB-8222-0270B20102C8}.Release|ARM.ActiveCfg = Release|ARM
		{C37E2145-7E4E-45CB-8222-0270B20102C8}.Release|ARM.Build.0 = Release|ARM
		{C37E2145-7E4E-45CB-8222-0270B20102C8}.Release|ARM.Deploy.0 = Release|ARM
		{C37E2145-7E4E-45CB-8222-0270B20102C8}.Release|x64.ActiveCfg = Release|x64
		{C37E2145-7E4E-45CB-8222-0270B20102C8}.Release|x64.Build.0 = Release|x64
		{C37E2145-7E4E-45CB-8222-0270B20102C8}.Release|x64.Deploy.0 = Release|x64
		{C37E2145-7E4E-45CB-8222-0270B20102C8}.Release|x86.ActiveCfg = Release|x86
		{C37E2145-7E4E-45CB-8222-0270B20102C8}.Release|x86.Build.0 = Release|x86
		{C37E2145-7E4E-45CB-8222-0270B20102C8}.Release|x86.Deploy.0 = Release|x86
		{0F1FCDBF-7877-441B-A6B8-2D8CE69BD976}.Debug|ARM.ActiveCfg = Debug|ARM
		{0F1FCDBF-7877-441B-A6B8-2D8CE69BD976}.Debug|ARM.Build.0 = Debug|ARM
		{0F1FCDBF-7877-441B-A6B8-2D8CE69BD976}.Debug|ARM.Deploy.0 = Debug|ARM
		{0F1FCDBF-7877-441B-A6B8-2D8CE69BD976}.Debug|x64.ActiveCfg = Debug|x64
		{0F1FCDBF-7877-441B-A6B8-2D8CE69BD976}.Debug|x64.Build.0 = Debug|x64
		{0F1FCDBF-7877-441B-A6B8-2D8CE69BD976}.Debug|x64.Deploy.0 = Debug|x64
		{0F1FCDBF-7877-441B-A6B8-2D8CE69BD976}.Debug|x86.ActiveCfg = Debug|x86
		{0F1FCDBF-7877-441B-A6B8-2D8CE69BD976}.Debug|x86.Build.0 = Debug|x86
		{0F1FCDBF-7877-441B-A6B8-2D8CE69BD976}.Debug|x86.Deploy.0 = Debug|x86
		{0F1FCDBF-7877-441B-A6B8-2D8CE69BD976}.Release|ARM.ActiveCfg = Release|ARM
		{0F1FCDBF-7877-441B-A6B8-2D8CE69BD976}.Release|ARM.Build.0 = Release|ARM
		{0F1FCDBF-7877-441B-A6B8-2D8CE69BD976}.Release|ARM.Deploy.0 = Release|ARM
		{0F1FCDBF-7877-441B-A6B8-2D8CE69BD976}.Release|x64.ActiveCfg = Release|x64
		{0F1FCDBF-7877-441B-A6B8-2D8CE69BD976}.Release|x64.Build.0 = Release|x64
		{0F1FCDBF-7877-441B-A6B8-2D8CE69BD976}.Release|x64.Deploy.0 = Release|x64
		{0F1FCDBF-7877-441B-A6B8-2D8CE69BD976}.Release|x86.ActiveCfg = Release|x86
		{0F1FCDBF-7877-441B-A6B8-2D8CE69BD976}.Release|x86.Build.0 = Release|x86
		{0F1FCDBF-7877-441B-A6B8-2D8CE69BD976}.Release|x86.Deploy.0 = Release|x86
	EndGlobalSection
	GlobalSection(SolutionProperties) = preSolution
		HideSolutionNode = FALSE
	EndGlobalSection
EndGlobal
